{
  "version": 4,
  "terraform_version": "1.9.7",
  "serial": 78,
  "lineage": "dc2c4e53-6b0f-afb5-7017-bb6f0708072c",
  "outputs": {},
  "resources": [
    {
      "mode": "managed",
      "type": "google_compute_firewall",
      "name": "firewall_mlops1",
      "provider": "provider[\"registry.terraform.io/hashicorp/google\"]",
      "instances": [
        {
          "schema_version": 1,
          "attributes": {
            "allow": [
              {
                "ports": [
                  "8081",
                  "50000",
                  "80",
                  "443"
                ],
                "protocol": "tcp"
              }
            ],
            "creation_timestamp": "2025-11-15T05:11:56.368-08:00",
            "deny": [],
            "description": "",
            "destination_ranges": [],
            "direction": "INGRESS",
            "disabled": false,
            "enable_logging": null,
            "id": "projects/inner-replica-469607-h9/global/firewalls/jenkins-firewall-k4",
            "log_config": [],
            "name": "jenkins-firewall-k4",
            "network": "https://www.googleapis.com/compute/v1/projects/inner-replica-469607-h9/global/networks/default",
            "priority": 1000,
            "project": "inner-replica-469607-h9",
            "self_link": "https://www.googleapis.com/compute/v1/projects/inner-replica-469607-h9/global/firewalls/jenkins-firewall-k4",
            "source_ranges": [
              "0.0.0.0/0"
            ],
            "source_service_accounts": null,
            "source_tags": null,
            "target_service_accounts": null,
            "target_tags": null,
            "timeouts": null
          },
          "sensitive_attributes": [],
          "private": "eyJlMmJmYjczMC1lY2FhLTExZTYtOGY4OC0zNDM2M2JjN2M0YzAiOnsiY3JlYXRlIjoxMjAwMDAwMDAwMDAwLCJkZWxldGUiOjEyMDAwMDAwMDAwMDAsInVwZGF0ZSI6MTIwMDAwMDAwMDAwMH0sInNjaGVtYV92ZXJzaW9uIjoiMSJ9"
        }
      ]
    },
    {
      "mode": "managed",
      "type": "google_compute_instance",
      "name": "jenkins_mlops1",
      "provider": "provider[\"registry.terraform.io/hashicorp/google\"]",
      "instances": [
        {
          "schema_version": 6,
          "attributes": {
            "advanced_machine_features": [],
            "allow_stopping_for_update": true,
            "attached_disk": [],
            "boot_disk": [
              {
                "auto_delete": true,
                "device_name": "persistent-disk-0",
                "disk_encryption_key_raw": "",
                "disk_encryption_key_sha256": "",
                "initialize_params": [
                  {
                    "image": "https://www.googleapis.com/compute/v1/projects/ubuntu-os-cloud/global/images/ubuntu-2204-jammy-v20251111",
                    "labels": {},
                    "resource_manager_tags": null,
                    "size": 50,
                    "type": "pd-standard"
                  }
                ],
                "kms_key_self_link": "",
                "mode": "READ_WRITE",
                "source": "https://www.googleapis.com/compute/v1/projects/inner-replica-469607-h9/zones/europe-west3-a/disks/jenkins-k4"
              }
            ],
            "can_ip_forward": false,
            "confidential_instance_config": [],
            "cpu_platform": "Intel Broadwell",
            "current_status": "RUNNING",
            "deletion_protection": false,
            "description": "",
            "desired_status": null,
            "effective_labels": {},
            "enable_display": false,
            "guest_accelerator": [],
            "hostname": "",
            "id": "projects/inner-replica-469607-h9/zones/europe-west3-a/instances/jenkins-k4",
            "instance_id": "186635204179641074",
            "label_fingerprint": "42WmSpB8rSM=",
            "labels": null,
            "machine_type": "e2-standard-4",
            "metadata": {
              "ssh-keys": "quangtp29:ssh-ed25519 AAAAC3NzaC1lZDI1NTE5AAAAIB4sU+PKdtK00FPEhtjnk3nAHMFYCPCmCQ+PEa4J/UJ4 quangtp29@gmail.com"
            },
            "metadata_fingerprint": "70mHvmyldMY=",
            "metadata_startup_script": null,
            "min_cpu_platform": "",
            "name": "jenkins-k4",
            "network_interface": [
              {
                "access_config": [
                  {
                    "nat_ip": "35.246.148.108",
                    "network_tier": "PREMIUM",
                    "public_ptr_domain_name": ""
                  }
                ],
                "alias_ip_range": [],
                "internal_ipv6_prefix_length": 0,
                "ipv6_access_config": [],
                "ipv6_access_type": "",
                "ipv6_address": "",
                "name": "nic0",
                "network": "https://www.googleapis.com/compute/v1/projects/inner-replica-469607-h9/global/networks/default",
                "network_ip": "10.156.0.62",
                "nic_type": "",
                "queue_count": 0,
                "stack_type": "IPV4_ONLY",
                "subnetwork": "https://www.googleapis.com/compute/v1/projects/inner-replica-469607-h9/regions/europe-west3/subnetworks/default",
                "subnetwork_project": "inner-replica-469607-h9"
              }
            ],
            "network_performance_config": [],
            "params": [],
            "project": "inner-replica-469607-h9",
            "reservation_affinity": [],
            "resource_policies": null,
            "scheduling": [
              {
                "automatic_restart": true,
                "instance_termination_action": "",
                "local_ssd_recovery_timeout": [],
                "min_node_cpus": 0,
                "node_affinities": [],
                "on_host_maintenance": "MIGRATE",
                "preemptible": false,
                "provisioning_model": "STANDARD"
              }
            ],
            "scratch_disk": [],
            "self_link": "https://www.googleapis.com/compute/v1/projects/inner-replica-469607-h9/zones/europe-west3-a/instances/jenkins-k4",
            "service_account": [],
            "shielded_instance_config": [
              {
                "enable_integrity_monitoring": true,
                "enable_secure_boot": false,
                "enable_vtpm": true
              }
            ],
            "tags": null,
            "tags_fingerprint": "42WmSpB8rSM=",
            "terraform_labels": {},
            "timeouts": null,
            "zone": "europe-west3-a"
          },
          "sensitive_attributes": [
            [
              {
                "type": "get_attr",
                "value": "boot_disk"
              },
              {
                "type": "index",
                "value": {
                  "value": 0,
                  "type": "number"
                }
              },
              {
                "type": "get_attr",
                "value": "disk_encryption_key_raw"
              }
            ]
          ],
          "private": "eyJlMmJmYjczMC1lY2FhLTExZTYtOGY4OC0zNDM2M2JjN2M0YzAiOnsiY3JlYXRlIjoxMjAwMDAwMDAwMDAwLCJkZWxldGUiOjEyMDAwMDAwMDAwMDAsInVwZGF0ZSI6MTIwMDAwMDAwMDAwMH0sInNjaGVtYV92ZXJzaW9uIjoiNiJ9"
        }
      ]
    },
    {
      "mode": "managed",
      "type": "google_container_cluster",
      "name": "quangtp-gke",
      "provider": "provider[\"registry.terraform.io/hashicorp/google\"]",
      "instances": [
        {
          "schema_version": 2,
          "attributes": {
            "addons_config": [
              {
                "cloudrun_config": [],
                "config_connector_config": [],
                "dns_cache_config": [],
                "gce_persistent_disk_csi_driver_config": [
                  {
                    "enabled": true
                  }
                ],
                "gcp_filestore_csi_driver_config": [],
                "gcs_fuse_csi_driver_config": [],
                "gke_backup_agent_config": [],
                "horizontal_pod_autoscaling": [],
                "http_load_balancing": [],
                "network_policy_config": [
                  {
                    "disabled": true
                  }
                ]
              }
            ],
            "allow_net_admin": null,
            "authenticator_groups_config": [],
            "binary_authorization": [
              {
                "enabled": false,
                "evaluation_mode": ""
              }
            ],
            "cluster_autoscaling": [
              {
                "auto_provisioning_defaults": [],
                "enabled": false,
                "resource_limits": []
              }
            ],
            "cluster_ipv4_cidr": "10.32.0.0/14",
            "confidential_nodes": [],
            "cost_management_config": [],
            "database_encryption": [
              {
                "key_name": "",
                "state": "DECRYPTED"
              }
            ],
            "datapath_provider": "",
            "default_max_pods_per_node": 110,
            "default_snat_status": [
              {
                "disabled": false
              }
            ],
            "deletion_protection": false,
            "description": "",
            "dns_config": [],
            "enable_autopilot": false,
            "enable_intranode_visibility": false,
            "enable_k8s_beta_apis": [],
            "enable_kubernetes_alpha": false,
            "enable_l4_ilb_subsetting": false,
            "enable_legacy_abac": false,
            "enable_shielded_nodes": true,
            "enable_tpu": false,
            "endpoint": "34.159.117.156",
            "gateway_api_config": [],
            "id": "projects/inner-replica-469607-h9/locations/europe-west3-a/clusters/inner-replica-469607-h9-new-gke",
            "initial_node_count": 1,
            "ip_allocation_policy": [
              {
                "additional_pod_ranges_config": [],
                "cluster_ipv4_cidr_block": "10.32.0.0/14",
                "cluster_secondary_range_name": "gke-inner-replica-469607-h9-new-gke-pods-c78ecfe5",
                "pod_cidr_overprovision_config": [
                  {
                    "disabled": false
                  }
                ],
                "services_ipv4_cidr_block": "34.118.224.0/20",
                "services_secondary_range_name": "",
                "stack_type": "IPV4"
              }
            ],
            "label_fingerprint": "a9dc16a7",
            "location": "europe-west3-a",
            "logging_config": [
              {
                "enable_components": [
                  "SYSTEM_COMPONENTS",
                  "WORKLOADS"
                ]
              }
            ],
            "logging_service": "logging.googleapis.com/kubernetes",
            "maintenance_policy": [],
            "master_auth": [
              {
                "client_certificate": "",
                "client_certificate_config": [
                  {
                    "issue_client_certificate": false
                  }
                ],
                "client_key": "",
                "cluster_ca_certificate": "LS0tLS1CRUdJTiBDRVJUSUZJQ0FURS0tLS0tCk1JSUVMRENDQXBTZ0F3SUJBZ0lRRHJ0WjB4cVFPL2hpNHhLL3ozNGwzekFOQmdrcWhraUc5dzBCQVFzRkFEQXYKTVMwd0t3WURWUVFERXlSak5EZzFNak5oTnkwd09UaGpMVFF5WkRrdE9URm1NUzFqTldWaE1UTTRaVE5pWmpRdwpJQmNOTWpVeE1URTFNVEl4TVRVM1doZ1BNakExTlRFeE1EZ3hNekV4TlRkYU1DOHhMVEFyQmdOVkJBTVRKR00wCk9EVXlNMkUzTFRBNU9HTXROREprT1MwNU1XWXhMV00xWldFeE16aGxNMkptTkRDQ0FhSXdEUVlKS29aSWh2Y04KQVFFQkJRQURnZ0dQQURDQ0FZb0NnZ0dCQUpxQ2c5OGRDZnBWTzdpcUVWOUpZMHUrNSt4ZWZ1eWJTTG1FRWFMOQpvR0grV0Q3UU4rMHZSSzhYNGpRWGIrN0Z3NzBnZVplRXFzOVBDTGFyUmxJMHROOGRGRXliK1NOUS9qQVI5ai9HCnlRM0lDcTcyWHp3L2ZpV3dLRmZScUlYRmxuUC9Qa0VPNUl6RlNuMW1DRkQwdm9ROEZWbkl6aXo5Wm5WMVlVWHMKdDY2MFZ4TmxhOXNFdlNnejRzVzlyWGZubDBZTXpCTlZ1ZElDK2ZjOUJZN2FGV0RrclVCNFpMWmlFTHh4bnFzdApmMnhLL3MvSEZpTnJrYXBYVUVwOUErSXA2T3owZVdpSGtkUTZjZWVWQjlXb0VPNzFPekhXbkxyaFBxYXJjQ0JmCnJBdk5LVG9LQjN6amxpNTVWR2JSOU00bXlVbHRvOWU3S2cwNVZVOGJuVWpFbXJFWVlibjhoWmZVaWZ3ZVFnTVMKb2YvZHVtd2h3UGVtUWFDWFowMzVDS2ZQMFU3S0ZmaTJmbjJKR0hSTm9nL3I4MlhqeTIyaWF6OGdmNUlXMFJVUQpCR0lmbCtkdVhEK2VLMUVudnhra003a0JlZ08raWljWXU2ZUVmaDk2cmZRWEpxVy9sMEttd2xVVzErS0pTUDBGClBnK09ySjF1b2MydCs4em9OUWZTWlZ1VjJ3SURBUUFCbzBJd1FEQU9CZ05WSFE4QkFmOEVCQU1DQWdRd0R3WUQKVlIwVEFRSC9CQVV3QXdFQi96QWRCZ05WSFE0RUZnUVVGQkFZRGpsSzRPckJScVFUS282ejJhanlEdFl3RFFZSgpLb1pJaHZjTkFRRUxCUUFEZ2dHQkFGT3JJUS96RW1adjdtUDZ2aFcyZG4wVDBTK3kzVHdtZTdwT1N1R1paYk5rCm52bXltK0lINXYvQUxTVkRkUzRNUjh3Q20wS05veVRjcE0xUDE3NGlhZFNmcm91MjZXSy9hRkREcVM1ZS9VNDEKRzRNbDg4aVp6R3RZeDV5dGRReWdaUDZsQ09BL2ZEVGl3MzR2azF3ZUtnWHZHdlc5R3M0MnlYb1hDTC9IdVd2cgovSGdPUkNpcXdBWUZoL2VQWUZCMGtxUzF3Tmk5RjV2ZjRZTGFGUlpkY0crbEV1N0lUMzJkdUsvcnFpYjdLMlFICjA4OWh1ZmZnKy8xMlpoYytXTm04YVZYRkdwb1NOMjRYT0NBczkvdU1TZmJUWGVqblBvN3V3dTI0L2NCRytxRnYKaXByL3o2S1dLckhVWURxTG1kS21Ga1NZa3gvUHBCa0w0eTZpN3RNVkdjaGRYcHV2WVpvZjc0aTUyTFoxNXA3ZgpYb2JRQzVGOXFMcmNoY0kvV0xkVDhWVWx6SlcybGcvZlhJSjdTbldDdG9GMzUrYUVldzF6b3hCMHJITnBISHg0Cmw1Mm9LRlpHeXhMaUhWYXpKakhiTnBrVUlweG9TSExYOWdUMHRkaUI3enN5Y0ZPc0FtRitvNUNNZ1Z0UHhNQi8KZmg2Qit2YXZpMm5FZ0JJZFg0eGlLZz09Ci0tLS0tRU5EIENFUlRJRklDQVRFLS0tLS0K"
              }
            ],
            "master_authorized_networks_config": [],
            "master_version": "1.33.5-gke.1201000",
            "mesh_certificates": [],
            "min_master_version": null,
            "monitoring_config": [
              {
                "advanced_datapath_observability_config": [
                  {
                    "enable_metrics": false,
                    "relay_mode": ""
                  }
                ],
                "enable_components": [
                  "SYSTEM_COMPONENTS",
                  "STATEFULSET",
                  "JOBSET",
                  "STORAGE",
                  "HPA",
                  "POD",
                  "DAEMONSET",
                  "DEPLOYMENT",
                  "CADVISOR",
                  "KUBELET",
                  "DCGM"
                ],
                "managed_prometheus": [
                  {
                    "enabled": true
                  }
                ]
              }
            ],
            "monitoring_service": "monitoring.googleapis.com/kubernetes",
            "name": "inner-replica-469607-h9-new-gke",
            "network": "projects/inner-replica-469607-h9/global/networks/default",
            "network_policy": [
              {
                "enabled": false,
                "provider": "PROVIDER_UNSPECIFIED"
              }
            ],
            "networking_mode": "VPC_NATIVE",
            "node_config": [],
            "node_locations": [],
            "node_pool": [],
            "node_pool_auto_config": [
              {
                "network_tags": null
              }
            ],
            "node_pool_defaults": [
              {
                "node_config_defaults": [
                  {
                    "logging_variant": "DEFAULT"
                  }
                ]
              }
            ],
            "node_version": "1.33.5-gke.1201000",
            "notification_config": [
              {
                "pubsub": [
                  {
                    "enabled": false,
                    "filter": [],
                    "topic": ""
                  }
                ]
              }
            ],
            "operation": null,
            "private_cluster_config": [
              {
                "enable_private_endpoint": false,
                "enable_private_nodes": false,
                "master_global_access_config": [
                  {
                    "enabled": false
                  }
                ],
                "master_ipv4_cidr_block": "",
                "peering_name": "",
                "private_endpoint": "10.156.0.63",
                "private_endpoint_subnetwork": "",
                "public_endpoint": "34.159.117.156"
              }
            ],
            "private_ipv6_google_access": "",
            "project": "inner-replica-469607-h9",
            "release_channel": [
              {
                "channel": "REGULAR"
              }
            ],
            "remove_default_node_pool": true,
            "resource_labels": null,
            "resource_usage_export_config": [],
            "security_posture_config": [
              {
                "mode": "BASIC",
                "vulnerability_mode": "VULNERABILITY_MODE_UNSPECIFIED"
              }
            ],
            "self_link": "https://container.googleapis.com/v1/projects/inner-replica-469607-h9/zones/europe-west3-a/clusters/inner-replica-469607-h9-new-gke",
            "service_external_ips_config": [
              {
                "enabled": false
              }
            ],
            "services_ipv4_cidr": "34.118.224.0/20",
            "subnetwork": "projects/inner-replica-469607-h9/regions/europe-west3/subnetworks/default",
            "timeouts": null,
            "tpu_ipv4_cidr_block": "",
            "vertical_pod_autoscaling": [],
            "workload_identity_config": []
          },
          "sensitive_attributes": [
            [
              {
                "type": "get_attr",
                "value": "master_auth"
              },
              {
                "type": "index",
                "value": {
                  "value": 0,
                  "type": "number"
                }
              },
              {
                "type": "get_attr",
                "value": "client_key"
              }
            ]
          ],
          "private": "eyJlMmJmYjczMC1lY2FhLTExZTYtOGY4OC0zNDM2M2JjN2M0YzAiOnsiY3JlYXRlIjoyNDAwMDAwMDAwMDAwLCJkZWxldGUiOjI0MDAwMDAwMDAwMDAsInJlYWQiOjI0MDAwMDAwMDAwMDAsInVwZGF0ZSI6MzYwMDAwMDAwMDAwMH0sInNjaGVtYV92ZXJzaW9uIjoiMiJ9"
        }
      ]
    },
    {
      "mode": "managed",
      "type": "google_container_node_pool",
      "name": "primary_preemptible_nodes",
      "provider": "provider[\"registry.terraform.io/hashicorp/google\"]",
      "instances": [
        {
          "schema_version": 1,
          "attributes": {
            "autoscaling": [],
            "cluster": "inner-replica-469607-h9-new-gke",
            "id": "projects/inner-replica-469607-h9/locations/europe-west3-a/clusters/inner-replica-469607-h9-new-gke/nodePools/my-node-pool",
            "initial_node_count": 2,
            "instance_group_urls": [
              "https://www.googleapis.com/compute/v1/projects/inner-replica-469607-h9/zones/europe-west3-a/instanceGroupManagers/gke-inner-replica-469607-my-node-pool-9a142196-grp"
            ],
            "location": "europe-west3-a",
            "managed_instance_group_urls": [
              "https://www.googleapis.com/compute/v1/projects/inner-replica-469607-h9/zones/europe-west3-a/instanceGroups/gke-inner-replica-469607-my-node-pool-9a142196-grp"
            ],
            "management": [
              {
                "auto_repair": true,
                "auto_upgrade": true
              }
            ],
            "max_pods_per_node": 110,
            "name": "my-node-pool",
            "name_prefix": "",
            "network_config": [
              {
                "create_pod_range": false,
                "enable_private_nodes": false,
                "pod_cidr_overprovision_config": [],
                "pod_ipv4_cidr_block": "10.32.0.0/14",
                "pod_range": "gke-inner-replica-469607-h9-new-gke-pods-c78ecfe5"
              }
            ],
            "node_config": [
              {
                "advanced_machine_features": [],
                "boot_disk_kms_key": "",
                "confidential_nodes": [],
                "disk_size_gb": 30,
                "disk_type": "pd-balanced",
                "effective_taints": [],
                "ephemeral_storage_local_ssd_config": [],
                "fast_socket": [],
                "gcfs_config": [],
                "guest_accelerator": [],
                "gvnic": [],
                "host_maintenance_policy": [],
                "image_type": "COS_CONTAINERD",
                "kubelet_config": [
                  {
                    "cpu_cfs_quota": false,
                    "cpu_cfs_quota_period": "",
                    "cpu_manager_policy": "",
                    "pod_pids_limit": 0
                  }
                ],
                "labels": {},
                "linux_node_config": [],
                "local_nvme_ssd_block_config": [],
                "local_ssd_count": 0,
                "logging_variant": "DEFAULT",
                "machine_type": "e2-standard-4",
                "metadata": {
                  "disable-legacy-endpoints": "true"
                },
                "min_cpu_platform": "",
                "node_group": "",
                "oauth_scopes": [
                  "https://www.googleapis.com/auth/devstorage.read_only",
                  "https://www.googleapis.com/auth/logging.write",
                  "https://www.googleapis.com/auth/monitoring",
                  "https://www.googleapis.com/auth/service.management.readonly",
                  "https://www.googleapis.com/auth/servicecontrol",
                  "https://www.googleapis.com/auth/trace.append"
                ],
                "preemptible": true,
                "reservation_affinity": [],
                "resource_labels": {
                  "goog-gke-node-pool-provisioning-model": "spot"
                },
                "service_account": "default",
                "shielded_instance_config": [
                  {
                    "enable_integrity_monitoring": true,
                    "enable_secure_boot": false
                  }
                ],
                "sole_tenant_config": [],
                "spot": false,
                "tags": null,
                "taint": [],
                "workload_metadata_config": []
              }
            ],
            "node_count": 2,
            "node_locations": [
              "europe-west3-a"
            ],
            "operation": null,
            "placement_policy": [],
            "project": "inner-replica-469607-h9",
            "timeouts": null,
            "upgrade_settings": [
              {
                "blue_green_settings": [],
                "max_surge": 1,
                "max_unavailable": 0,
                "strategy": "SURGE"
              }
            ],
            "version": "1.33.5-gke.1201000"
          },
          "sensitive_attributes": [],
          "private": "eyJlMmJmYjczMC1lY2FhLTExZTYtOGY4OC0zNDM2M2JjN2M0YzAiOnsiY3JlYXRlIjoxODAwMDAwMDAwMDAwLCJkZWxldGUiOjE4MDAwMDAwMDAwMDAsInVwZGF0ZSI6MTgwMDAwMDAwMDAwMH0sInNjaGVtYV92ZXJzaW9uIjoiMSJ9",
          "dependencies": [
            "google_container_cluster.quangtp-gke"
          ]
        }
      ]
    },
    {
      "mode": "managed",
      "type": "google_storage_bucket",
      "name": "quangtp-bucket",
      "provider": "provider[\"registry.terraform.io/hashicorp/google\"]",
      "instances": [
        {
          "schema_version": 1,
          "attributes": {
            "autoclass": [],
            "cors": [],
            "custom_placement_config": [],
            "default_event_based_hold": false,
            "effective_labels": {},
            "encryption": [],
            "force_destroy": true,
            "id": "quangtp-mle-course",
            "labels": null,
            "lifecycle_rule": [],
            "location": "EUROPE-WEST3",
            "logging": [],
            "name": "quangtp-mle-course",
            "project": "inner-replica-469607-h9",
            "public_access_prevention": "inherited",
            "requester_pays": false,
            "retention_policy": [],
            "self_link": "https://www.googleapis.com/storage/v1/b/quangtp-mle-course",
            "storage_class": "STANDARD",
            "terraform_labels": {},
            "timeouts": null,
            "uniform_bucket_level_access": true,
            "url": "gs://quangtp-mle-course",
            "versioning": [],
            "website": []
          },
          "sensitive_attributes": [],
          "private": "eyJlMmJmYjczMC1lY2FhLTExZTYtOGY4OC0zNDM2M2JjN2M0YzAiOnsiY3JlYXRlIjo2MDAwMDAwMDAwMDAsInJlYWQiOjI0MDAwMDAwMDAwMCwidXBkYXRlIjoyNDAwMDAwMDAwMDB9LCJzY2hlbWFfdmVyc2lvbiI6IjEifQ=="
        }
      ]
    }
  ],
  "check_results": null
}
